
Microsoft Visual Studio Solution File, Format Version 12.00
# Visual Studio 15
VisualStudioVersion = 15.0.27703.2042
MinimumVisualStudioVersion = 10.0.40219.1
Project("{FAE04EC0-301F-11D3-BF4B-00C04F79EFBC}") = "Roller", "Roller\Roller.csproj", "{FADA3625-CA34-420A-8CFF-021DDC5CEE44}"
EndProject
Project("{FAE04EC0-301F-11D3-BF4B-00C04F79EFBC}") = "Roller.Android", "Roller.Android\Roller.Android.csproj", "{A1B697F9-4B11-4C8A-B8F4-210C71F4F61E}"
EndProject
Global
	GlobalSection(SolutionConfigurationPlatforms) = preSolution
		Debug|Any CPU = Debug|Any CPU
		Release|Any CPU = Release|Any CPU
	EndGlobalSection
	GlobalSection(ProjectConfigurationPlatforms) = postSolution
		{FADA3625-CA34-420A-8CFF-021DDC5CEE44}.Debug|Any CPU.ActiveCfg = Debug|Any CPU
		{FADA3625-CA34-420A-8CFF-021DDC5CEE44}.Debug|Any CPU.Build.0 = Debug|Any CPU
		{FADA3625-CA34-420A-8CFF-021DDC5CEE44}.Release|Any CPU.ActiveCfg = Release|Any CPU
		{FADA3625-CA34-420A-8CFF-021DDC5CEE44}.Release|Any CPU.Build.0 = Release|Any CPU
		{A1B697F9-4B11-4C8A-B8F4-210C71F4F61E}.Debug|Any CPU.ActiveCfg = Debug|Any CPU
		{A1B697F9-4B11-4C8A-B8F4-210C71F4F61E}.Debug|Any CPU.Build.0 = Debug|Any CPU
		{A1B697F9-4B11-4C8A-B8F4-210C71F4F61E}.Debug|Any CPU.Deploy.0 = Debug|Any CPU
		{A1B697F9-4B11-4C8A-B8F4-210C71F4F61E}.Release|Any CPU.ActiveCfg = Release|Any CPU
		{A1B697F9-4B11-4C8A-B8F4-210C71F4F61E}.Release|Any CPU.Build.0 = Release|Any CPU
		{A1B697F9-4B11-4C8A-B8F4-210C71F4F61E}.Release|Any CPU.Deploy.0 = Release|Any CPU
	EndGlobalSection
	GlobalSection(SolutionProperties) = preSolution
		HideSolutionNode = FALSE
	EndGlobalSection
	GlobalSection(ExtensibilityGlobals) = postSolution
		SolutionGuid = {E9C3890D-14A9-4502-A6A2-1921DCF7B6C5}
	EndGlobalSection
EndGlobal
